
Microsoft Visual Studio Solution File, Format Version 12.00
# Visual Studio 15
VisualStudioVersion = 15.0.27130.2026
MinimumVisualStudioVersion = 10.0.40219.1
Project("{2150E333-8FDC-42A3-9474-1A3956D46DE8}") = "Engine", "Engine", "{E0C88092-CA5F-42CF-9C2B-E44E1ADC9DC0}"
EndProject
Project("{2150E333-8FDC-42A3-9474-1A3956D46DE8}") = "Games", "Games", "{B28DAA05-ECA8-4136-A123-C67C06B10883}"
EndProject
Project("{8BC9CEB8-8B4A-11D0-8D11-00A0C91BC942}") = "UE4", "Intermediate\ProjectFiles\UE4.vcxproj", "{B40C2ADA-F513-46FB-A7F7-7C4F18A1AAC9}"
EndProject
Project("{8BC9CEB8-8B4A-11D0-8D11-00A0C91BC942}") = "HealthAnimation", "Intermediate\ProjectFiles\HealthAnimation.vcxproj", "{70E6676A-1B41-4936-9D84-7BD9E75C33F4}"
EndProject
Global
	GlobalSection(SolutionConfigurationPlatforms) = preSolution
		DebugGame Editor|HTML5 = DebugGame Editor|HTML5
		DebugGame Editor|Win32 = DebugGame Editor|Win32
		DebugGame Editor|Win64 = DebugGame Editor|Win64
		DebugGame|HTML5 = DebugGame|HTML5
		DebugGame|Win32 = DebugGame|Win32
		DebugGame|Win64 = DebugGame|Win64
		Development Editor|HTML5 = Development Editor|HTML5
		Development Editor|Win32 = Development Editor|Win32
		Development Editor|Win64 = Development Editor|Win64
		Development|HTML5 = Development|HTML5
		Development|Win32 = Development|Win32
		Development|Win64 = Development|Win64
		Shipping|HTML5 = Shipping|HTML5
		Shipping|Win32 = Shipping|Win32
		Shipping|Win64 = Shipping|Win64
	EndGlobalSection
	GlobalSection(ProjectConfigurationPlatforms) = postSolution
		{B40C2ADA-F513-46FB-A7F7-7C4F18A1AAC9}.DebugGame Editor|HTML5.ActiveCfg = BuiltWithUnrealBuildTool|Win32
		{B40C2ADA-F513-46FB-A7F7-7C4F18A1AAC9}.DebugGame Editor|HTML5.Build.0 = BuiltWithUnrealBuildTool|Win32
		{B40C2ADA-F513-46FB-A7F7-7C4F18A1AAC9}.DebugGame Editor|Win32.ActiveCfg = BuiltWithUnrealBuildTool|Win32
		{B40C2ADA-F513-46FB-A7F7-7C4F18A1AAC9}.DebugGame Editor|Win32.Build.0 = BuiltWithUnrealBuildTool|Win32
		{B40C2ADA-F513-46FB-A7F7-7C4F18A1AAC9}.DebugGame Editor|Win64.ActiveCfg = BuiltWithUnrealBuildTool|Win32
		{B40C2ADA-F513-46FB-A7F7-7C4F18A1AAC9}.DebugGame Editor|Win64.Build.0 = BuiltWithUnrealBuildTool|Win32
		{B40C2ADA-F513-46FB-A7F7-7C4F18A1AAC9}.DebugGame|HTML5.ActiveCfg = BuiltWithUnrealBuildTool|Win32
		{B40C2ADA-F513-46FB-A7F7-7C4F18A1AAC9}.DebugGame|HTML5.Build.0 = BuiltWithUnrealBuildTool|Win32
		{B40C2ADA-F513-46FB-A7F7-7C4F18A1AAC9}.DebugGame|Win32.ActiveCfg = BuiltWithUnrealBuildTool|Win32
		{B40C2ADA-F513-46FB-A7F7-7C4F18A1AAC9}.DebugGame|Win32.Build.0 = BuiltWithUnrealBuildTool|Win32
		{B40C2ADA-F513-46FB-A7F7-7C4F18A1AAC9}.DebugGame|Win64.ActiveCfg = BuiltWithUnrealBuildTool|Win32
		{B40C2ADA-F513-46FB-A7F7-7C4F18A1AAC9}.DebugGame|Win64.Build.0 = BuiltWithUnrealBuildTool|Win32
		{B40C2ADA-F513-46FB-A7F7-7C4F18A1AAC9}.Development Editor|HTML5.ActiveCfg = BuiltWithUnrealBuildTool|Win32
		{B40C2ADA-F513-46FB-A7F7-7C4F18A1AAC9}.Development Editor|HTML5.Build.0 = BuiltWithUnrealBuildTool|Win32
		{B40C2ADA-F513-46FB-A7F7-7C4F18A1AAC9}.Development Editor|Win32.ActiveCfg = BuiltWithUnrealBuildTool|Win32
		{B40C2ADA-F513-46FB-A7F7-7C4F18A1AAC9}.Development Editor|Win32.Build.0 = BuiltWithUnrealBuildTool|Win32
		{B40C2ADA-F513-46FB-A7F7-7C4F18A1AAC9}.Development Editor|Win64.ActiveCfg = BuiltWithUnrealBuildTool|Win32
		{B40C2ADA-F513-46FB-A7F7-7C4F18A1AAC9}.Development Editor|Win64.Build.0 = BuiltWithUnrealBuildTool|Win32
		{B40C2ADA-F513-46FB-A7F7-7C4F18A1AAC9}.Development|HTML5.ActiveCfg = BuiltWithUnrealBuildTool|Win32
		{B40C2ADA-F513-46FB-A7F7-7C4F18A1AAC9}.Development|HTML5.Build.0 = BuiltWithUnrealBuildTool|Win32
		{B40C2ADA-F513-46FB-A7F7-7C4F18A1AAC9}.Development|Win32.ActiveCfg = BuiltWithUnrealBuildTool|Win32
		{B40C2ADA-F513-46FB-A7F7-7C4F18A1AAC9}.Development|Win32.Build.0 = BuiltWithUnrealBuildTool|Win32
		{B40C2ADA-F513-46FB-A7F7-7C4F18A1AAC9}.Development|Win64.ActiveCfg = BuiltWithUnrealBuildTool|Win32
		{B40C2ADA-F513-46FB-A7F7-7C4F18A1AAC9}.Development|Win64.Build.0 = BuiltWithUnrealBuildTool|Win32
		{B40C2ADA-F513-46FB-A7F7-7C4F18A1AAC9}.Shipping|HTML5.ActiveCfg = BuiltWithUnrealBuildTool|Win32
		{B40C2ADA-F513-46FB-A7F7-7C4F18A1AAC9}.Shipping|HTML5.Build.0 = BuiltWithUnrealBuildTool|Win32
		{B40C2ADA-F513-46FB-A7F7-7C4F18A1AAC9}.Shipping|Win32.ActiveCfg = BuiltWithUnrealBuildTool|Win32
		{B40C2ADA-F513-46FB-A7F7-7C4F18A1AAC9}.Shipping|Win32.Build.0 = BuiltWithUnrealBuildTool|Win32
		{B40C2ADA-F513-46FB-A7F7-7C4F18A1AAC9}.Shipping|Win64.ActiveCfg = BuiltWithUnrealBuildTool|Win32
		{B40C2ADA-F513-46FB-A7F7-7C4F18A1AAC9}.Shipping|Win64.Build.0 = BuiltWithUnrealBuildTool|Win32
		{70E6676A-1B41-4936-9D84-7BD9E75C33F4}.DebugGame Editor|HTML5.ActiveCfg = HTML5_DebugGame_Editor|Win32
		{70E6676A-1B41-4936-9D84-7BD9E75C33F4}.DebugGame Editor|Win32.ActiveCfg = DebugGame_Editor|Win32
		{70E6676A-1B41-4936-9D84-7BD9E75C33F4}.DebugGame Editor|Win64.ActiveCfg = DebugGame_Editor|x64
		{70E6676A-1B41-4936-9D84-7BD9E75C33F4}.DebugGame Editor|Win64.Build.0 = DebugGame_Editor|x64
		{70E6676A-1B41-4936-9D84-7BD9E75C33F4}.DebugGame|HTML5.ActiveCfg = HTML5_DebugGame_Game|Win32
		{70E6676A-1B41-4936-9D84-7BD9E75C33F4}.DebugGame|HTML5.Build.0 = HTML5_DebugGame_Game|Win32
		{70E6676A-1B41-4936-9D84-7BD9E75C33F4}.DebugGame|Win32.ActiveCfg = DebugGame_Game|Win32
		{70E6676A-1B41-4936-9D84-7BD9E75C33F4}.DebugGame|Win32.Build.0 = DebugGame_Game|Win32
		{70E6676A-1B41-4936-9D84-7BD9E75C33F4}.DebugGame|Win64.ActiveCfg = DebugGame_Game|x64
		{70E6676A-1B41-4936-9D84-7BD9E75C33F4}.DebugGame|Win64.Build.0 = DebugGame_Game|x64
		{70E6676A-1B41-4936-9D84-7BD9E75C33F4}.Development Editor|HTML5.ActiveCfg = HTML5_Development_Editor|Win32
		{70E6676A-1B41-4936-9D84-7BD9E75C33F4}.Development Editor|Win32.ActiveCfg = Development_Editor|Win32
		{70E6676A-1B41-4936-9D84-7BD9E75C33F4}.Development Editor|Win64.ActiveCfg = Development_Editor|x64
		{70E6676A-1B41-4936-9D84-7BD9E75C33F4}.Development Editor|Win64.Build.0 = Development_Editor|x64
		{70E6676A-1B41-4936-9D84-7BD9E75C33F4}.Development|HTML5.ActiveCfg = HTML5_Development_Game|Win32
		{70E6676A-1B41-4936-9D84-7BD9E75C33F4}.Development|HTML5.Build.0 = HTML5_Development_Game|Win32
		{70E6676A-1B41-4936-9D84-7BD9E75C33F4}.Development|Win32.ActiveCfg = Development_Game|Win32
		{70E6676A-1B41-4936-9D84-7BD9E75C33F4}.Development|Win32.Build.0 = Development_Game|Win32
		{70E6676A-1B41-4936-9D84-7BD9E75C33F4}.Development|Win64.ActiveCfg = Development_Game|x64
		{70E6676A-1B41-4936-9D84-7BD9E75C33F4}.Development|Win64.Build.0 = Development_Game|x64
		{70E6676A-1B41-4936-9D84-7BD9E75C33F4}.Shipping|HTML5.ActiveCfg = HTML5_Shipping_Game|Win32
		{70E6676A-1B41-4936-9D84-7BD9E75C33F4}.Shipping|HTML5.Build.0 = HTML5_Shipping_Game|Win32
		{70E6676A-1B41-4936-9D84-7BD9E75C33F4}.Shipping|Win32.ActiveCfg = Shipping_Game|Win32
		{70E6676A-1B41-4936-9D84-7BD9E75C33F4}.Shipping|Win32.Build.0 = Shipping_Game|Win32
		{70E6676A-1B41-4936-9D84-7BD9E75C33F4}.Shipping|Win64.ActiveCfg = Shipping_Game|x64
		{70E6676A-1B41-4936-9D84-7BD9E75C33F4}.Shipping|Win64.Build.0 = Shipping_Game|x64
	EndGlobalSection
	GlobalSection(SolutionProperties) = preSolution
		HideSolutionNode = FALSE
	EndGlobalSection
	GlobalSection(NestedProjects) = preSolution
		{B40C2ADA-F513-46FB-A7F7-7C4F18A1AAC9} = {E0C88092-CA5F-42CF-9C2B-E44E1ADC9DC0}
		{70E6676A-1B41-4936-9D84-7BD9E75C33F4} = {B28DAA05-ECA8-4136-A123-C67C06B10883}
	EndGlobalSection
	GlobalSection(ExtensibilityGlobals) = postSolution
		SolutionGuid = {53250F17-3C2D-406D-8970-94CCBDFB41EA}
	EndGlobalSection
EndGlobal
